// !$*UTF8*$!
{
	archiveVersion = 1;
	classes = {
	};
	objectVersion = 46;
	objects = {

/* Begin PBXBuildFile section */
		7AB274361DC2F9D000307DAF /* MessagesDetailController.swift in Sources */ = {isa = PBXBuildFile; fileRef = 7AB274351DC2F9CF00307DAF /* MessagesDetailController.swift */; };
		7AB274381DC2FA7F00307DAF /* PhoneMessageRowController.swift in Sources */ = {isa = PBXBuildFile; fileRef = 7AB274371DC2FA7F00307DAF /* PhoneMessageRowController.swift */; };
		7ABF767C1DC1A86100ED99A2 /* DeviceSessionDelegate.swift in Sources */ = {isa = PBXBuildFile; fileRef = 7ABF767B1DC1A86100ED99A2 /* DeviceSessionDelegate.swift */; };
		7ABF767E1DC1AEF300ED99A2 /* WatchSessionDelegate.swift in Sources */ = {isa = PBXBuildFile; fileRef = 7ABF767D1DC1AEF300ED99A2 /* WatchSessionDelegate.swift */; };
		7AC442D81DBF0C0C0075904C /* AppDelegate.swift in Sources */ = {isa = PBXBuildFile; fileRef = 7AC442D71DBF0C0C0075904C /* AppDelegate.swift */; };
		7AC442DA1DBF0C0C0075904C /* ViewController.swift in Sources */ = {isa = PBXBuildFile; fileRef = 7AC442D91DBF0C0C0075904C /* ViewController.swift */; };
		7AC442DD1DBF0C0C0075904C /* Main.storyboard in Resources */ = {isa = PBXBuildFile; fileRef = 7AC442DB1DBF0C0C0075904C /* Main.storyboard */; };
		7AC442DF1DBF0C0C0075904C /* Assets.xcassets in Resources */ = {isa = PBXBuildFile; fileRef = 7AC442DE1DBF0C0C0075904C /* Assets.xcassets */; };
		7AC442E21DBF0C0C0075904C /* LaunchScreen.storyboard in Resources */ = {isa = PBXBuildFile; fileRef = 7AC442E01DBF0C0C0075904C /* LaunchScreen.storyboard */; };
		7AC442ED1DBF0C0C0075904C /* WatchConnectivityDemoTests.swift in Sources */ = {isa = PBXBuildFile; fileRef = 7AC442EC1DBF0C0C0075904C /* WatchConnectivityDemoTests.swift */; };
		7AC442F21DBF0C0C0075904C /* WatchConnectivityDemo WatchKit App.app in Embed Watch Content */ = {isa = PBXBuildFile; fileRef = 7AC442F11DBF0C0C0075904C /* WatchConnectivityDemo WatchKit App.app */; };
		7AC442F81DBF0C0C0075904C /* Interface.storyboard in Resources */ = {isa = PBXBuildFile; fileRef = 7AC442F61DBF0C0C0075904C /* Interface.storyboard */; };
		7AC442FA1DBF0C0C0075904C /* Assets.xcassets in Resources */ = {isa = PBXBuildFile; fileRef = 7AC442F91DBF0C0C0075904C /* Assets.xcassets */; };
		7AC443011DBF0C0D0075904C /* WatchConnectivityDemo WatchKit Extension.appex in Embed App Extensions */ = {isa = PBXBuildFile; fileRef = 7AC443001DBF0C0D0075904C /* WatchConnectivityDemo WatchKit Extension.appex */; settings = {ATTRIBUTES = (RemoveHeadersOnCopy, ); }; };
		7AC443081DBF0C0D0075904C /* InterfaceController.swift in Sources */ = {isa = PBXBuildFile; fileRef = 7AC443071DBF0C0D0075904C /* InterfaceController.swift */; };
		7AC4430A1DBF0C0D0075904C /* ExtensionDelegate.swift in Sources */ = {isa = PBXBuildFile; fileRef = 7AC443091DBF0C0D0075904C /* ExtensionDelegate.swift */; };
		7AC4430C1DBF0C0D0075904C /* NotificationController.swift in Sources */ = {isa = PBXBuildFile; fileRef = 7AC4430B1DBF0C0D0075904C /* NotificationController.swift */; };
		7AC4430E1DBF0C0D0075904C /* Assets.xcassets in Resources */ = {isa = PBXBuildFile; fileRef = 7AC4430D1DBF0C0D0075904C /* Assets.xcassets */; };
/* End PBXBuildFile section */

/* Begin PBXContainerItemProxy section */
		7AC442E91DBF0C0C0075904C /* PBXContainerItemProxy */ = {
			isa = PBXContainerItemProxy;
			containerPortal = 7AC442CC1DBF0C0B0075904C /* Project object */;
			proxyType = 1;
			remoteGlobalIDString = 7AC442D31DBF0C0B0075904C;
			remoteInfo = WatchConnectivityDemo;
		};
		7AC442F31DBF0C0C0075904C /* PBXContainerItemProxy */ = {
			isa = PBXContainerItemProxy;
			containerPortal = 7AC442CC1DBF0C0B0075904C /* Project object */;
			proxyType = 1;
			remoteGlobalIDString = 7AC442F01DBF0C0C0075904C;
			remoteInfo = "WatchConnectivityDemo WatchKit App";
		};
		7AC443021DBF0C0D0075904C /* PBXContainerItemProxy */ = {
			isa = PBXContainerItemProxy;
			containerPortal = 7AC442CC1DBF0C0B0075904C /* Project object */;
			proxyType = 1;
			remoteGlobalIDString = 7AC442FF1DBF0C0D0075904C;
			remoteInfo = "WatchConnectivityDemo WatchKit Extension";
		};
/* End PBXContainerItemProxy section */

/* Begin PBXCopyFilesBuildPhase section */
		7AC443151DBF0C0D0075904C /* Embed App Extensions */ = {
			isa = PBXCopyFilesBuildPhase;
			buildActionMask = 2147483647;
			dstPath = "";
			dstSubfolderSpec = 13;
			files = (
				7AC443011DBF0C0D0075904C /* WatchConnectivityDemo WatchKit Extension.appex in Embed App Extensions */,
			);
			name = "Embed App Extensions";
			runOnlyForDeploymentPostprocessing = 0;
		};
		7AC443191DBF0C0D0075904C /* Embed Watch Content */ = {
			isa = PBXCopyFilesBuildPhase;
			buildActionMask = 2147483647;
			dstPath = "$(CONTENTS_FOLDER_PATH)/Watch";
			dstSubfolderSpec = 16;
			files = (
				7AC442F21DBF0C0C0075904C /* WatchConnectivityDemo WatchKit App.app in Embed Watch Content */,
			);
			name = "Embed Watch Content";
			runOnlyForDeploymentPostprocessing = 0;
		};
/* End PBXCopyFilesBuildPhase section */

/* Begin PBXFileReference section */
		7AB274351DC2F9CF00307DAF /* MessagesDetailController.swift */ = {isa = PBXFileReference; fileEncoding = 4; lastKnownFileType = sourcecode.swift; path = MessagesDetailController.swift; sourceTree = "<group>"; };
		7AB274371DC2FA7F00307DAF /* PhoneMessageRowController.swift */ = {isa = PBXFileReference; fileEncoding = 4; lastKnownFileType = sourcecode.swift; path = PhoneMessageRowController.swift; sourceTree = "<group>"; };
		7ABF767B1DC1A86100ED99A2 /* DeviceSessionDelegate.swift */ = {isa = PBXFileReference; fileEncoding = 4; lastKnownFileType = sourcecode.swift; path = DeviceSessionDelegate.swift; sourceTree = "<group>"; };
		7ABF767D1DC1AEF300ED99A2 /* WatchSessionDelegate.swift */ = {isa = PBXFileReference; fileEncoding = 4; lastKnownFileType = sourcecode.swift; path = WatchSessionDelegate.swift; sourceTree = "<group>"; };
		7AC442D41DBF0C0B0075904C /* WatchConnectivityDemo.app */ = {isa = PBXFileReference; explicitFileType = wrapper.application; includeInIndex = 0; path = WatchConnectivityDemo.app; sourceTree = BUILT_PRODUCTS_DIR; };
		7AC442D71DBF0C0C0075904C /* AppDelegate.swift */ = {isa = PBXFileReference; lastKnownFileType = sourcecode.swift; path = AppDelegate.swift; sourceTree = "<group>"; };
		7AC442D91DBF0C0C0075904C /* ViewController.swift */ = {isa = PBXFileReference; lastKnownFileType = sourcecode.swift; path = ViewController.swift; sourceTree = "<group>"; };
		7AC442DC1DBF0C0C0075904C /* Base */ = {isa = PBXFileReference; lastKnownFileType = file.storyboard; name = Base; path = Base.lproj/Main.storyboard; sourceTree = "<group>"; };
		7AC442DE1DBF0C0C0075904C /* Assets.xcassets */ = {isa = PBXFileReference; lastKnownFileType = folder.assetcatalog; path = Assets.xcassets; sourceTree = "<group>"; };
		7AC442E11DBF0C0C0075904C /* Base */ = {isa = PBXFileReference; lastKnownFileType = file.storyboard; name = Base; path = Base.lproj/LaunchScreen.storyboard; sourceTree = "<group>"; };
		7AC442E31DBF0C0C0075904C /* Info.plist */ = {isa = PBXFileReference; lastKnownFileType = text.plist.xml; path = Info.plist; sourceTree = "<group>"; };
		7AC442E81DBF0C0C0075904C /* WatchConnectivityDemoTests.xctest */ = {isa = PBXFileReference; explicitFileType = wrapper.cfbundle; includeInIndex = 0; path = WatchConnectivityDemoTests.xctest; sourceTree = BUILT_PRODUCTS_DIR; };
		7AC442EC1DBF0C0C0075904C /* WatchConnectivityDemoTests.swift */ = {isa = PBXFileReference; lastKnownFileType = sourcecode.swift; path = WatchConnectivityDemoTests.swift; sourceTree = "<group>"; };
		7AC442EE1DBF0C0C0075904C /* Info.plist */ = {isa = PBXFileReference; lastKnownFileType = text.plist.xml; path = Info.plist; sourceTree = "<group>"; };
		7AC442F11DBF0C0C0075904C /* WatchConnectivityDemo WatchKit App.app */ = {isa = PBXFileReference; explicitFileType = wrapper.application; includeInIndex = 0; path = "WatchConnectivityDemo WatchKit App.app"; sourceTree = BUILT_PRODUCTS_DIR; };
		7AC442F71DBF0C0C0075904C /* Base */ = {isa = PBXFileReference; lastKnownFileType = file.storyboard; name = Base; path = Base.lproj/Interface.storyboard; sourceTree = "<group>"; };
		7AC442F91DBF0C0C0075904C /* Assets.xcassets */ = {isa = PBXFileReference; lastKnownFileType = folder.assetcatalog; path = Assets.xcassets; sourceTree = "<group>"; };
		7AC442FB1DBF0C0D0075904C /* Info.plist */ = {isa = PBXFileReference; lastKnownFileType = text.plist.xml; path = Info.plist; sourceTree = "<group>"; };
		7AC443001DBF0C0D0075904C /* WatchConnectivityDemo WatchKit Extension.appex */ = {isa = PBXFileReference; explicitFileType = "wrapper.app-extension"; includeInIndex = 0; path = "WatchConnectivityDemo WatchKit Extension.appex"; sourceTree = BUILT_PRODUCTS_DIR; };
		7AC443061DBF0C0D0075904C /* PushNotificationPayload.apns */ = {isa = PBXFileReference; lastKnownFileType = text; path = PushNotificationPayload.apns; sourceTree = "<group>"; };
		7AC443071DBF0C0D0075904C /* InterfaceController.swift */ = {isa = PBXFileReference; lastKnownFileType = sourcecode.swift; path = InterfaceController.swift; sourceTree = "<group>"; };
		7AC443091DBF0C0D0075904C /* ExtensionDelegate.swift */ = {isa = PBXFileReference; lastKnownFileType = sourcecode.swift; path = ExtensionDelegate.swift; sourceTree = "<group>"; };
		7AC4430B1DBF0C0D0075904C /* NotificationController.swift */ = {isa = PBXFileReference; lastKnownFileType = sourcecode.swift; path = NotificationController.swift; sourceTree = "<group>"; };
		7AC4430D1DBF0C0D0075904C /* Assets.xcassets */ = {isa = PBXFileReference; lastKnownFileType = folder.assetcatalog; path = Assets.xcassets; sourceTree = "<group>"; };
		7AC4430F1DBF0C0D0075904C /* Info.plist */ = {isa = PBXFileReference; lastKnownFileType = text.plist.xml; path = Info.plist; sourceTree = "<group>"; };
/* End PBXFileReference section */

/* Begin PBXFrameworksBuildPhase section */
		7AC442D11DBF0C0B0075904C /* Frameworks */ = {
			isa = PBXFrameworksBuildPhase;
			buildActionMask = 2147483647;
			files = (
			);
			runOnlyForDeploymentPostprocessing = 0;
		};
		7AC442E51DBF0C0C0075904C /* Frameworks */ = {
			isa = PBXFrameworksBuildPhase;
			buildActionMask = 2147483647;
			files = (
			);
			runOnlyForDeploymentPostprocessing = 0;
		};
		7AC442FD1DBF0C0D0075904C /* Frameworks */ = {
			isa = PBXFrameworksBuildPhase;
			buildActionMask = 2147483647;
			files = (
			);
			runOnlyForDeploymentPostprocessing = 0;
		};
/* End PBXFrameworksBuildPhase section */

/* Begin PBXGroup section */
		7AC442CB1DBF0C0B0075904C = {
			isa = PBXGroup;
			children = (
				7AC442D61DBF0C0B0075904C /* WatchConnectivityDemo */,
				7AC442EB1DBF0C0C0075904C /* WatchConnectivityDemoTests */,
				7AC442F51DBF0C0C0075904C /* WatchConnectivityDemo WatchKit App */,
				7AC443041DBF0C0D0075904C /* WatchConnectivityDemo WatchKit Extension */,
				7AC442D51DBF0C0B0075904C /* Products */,
			);
			sourceTree = "<group>";
		};
		7AC442D51DBF0C0B0075904C /* Products */ = {
			isa = PBXGroup;
			children = (
				7AC442D41DBF0C0B0075904C /* WatchConnectivityDemo.app */,
				7AC442E81DBF0C0C0075904C /* WatchConnectivityDemoTests.xctest */,
				7AC442F11DBF0C0C0075904C /* WatchConnectivityDemo WatchKit App.app */,
				7AC443001DBF0C0D0075904C /* WatchConnectivityDemo WatchKit Extension.appex */,
			);
			name = Products;
			sourceTree = "<group>";
		};
		7AC442D61DBF0C0B0075904C /* WatchConnectivityDemo */ = {
			isa = PBXGroup;
			children = (
				7AC442D71DBF0C0C0075904C /* AppDelegate.swift */,
				7ABF767B1DC1A86100ED99A2 /* DeviceSessionDelegate.swift */,
				7AC442D91DBF0C0C0075904C /* ViewController.swift */,
				7AC442DB1DBF0C0C0075904C /* Main.storyboard */,
				7AC442DE1DBF0C0C0075904C /* Assets.xcassets */,
				7AC442E01DBF0C0C0075904C /* LaunchScreen.storyboard */,
				7AC442E31DBF0C0C0075904C /* Info.plist */,
			);
			path = WatchConnectivityDemo;
			sourceTree = "<group>";
		};
		7AC442EB1DBF0C0C0075904C /* WatchConnectivityDemoTests */ = {
			isa = PBXGroup;
			children = (
				7AC442EC1DBF0C0C0075904C /* WatchConnectivityDemoTests.swift */,
				7AC442EE1DBF0C0C0075904C /* Info.plist */,
			);
			path = WatchConnectivityDemoTests;
			sourceTree = "<group>";
		};
		7AC442F51DBF0C0C0075904C /* WatchConnectivityDemo WatchKit App */ = {
			isa = PBXGroup;
			children = (
				7AC442F61DBF0C0C0075904C /* Interface.storyboard */,
				7AC442F91DBF0C0C0075904C /* Assets.xcassets */,
				7AC442FB1DBF0C0D0075904C /* Info.plist */,
			);
			path = "WatchConnectivityDemo WatchKit App";
			sourceTree = "<group>";
		};
		7AC443041DBF0C0D0075904C /* WatchConnectivityDemo WatchKit Extension */ = {
			isa = PBXGroup;
			children = (
				7AC443071DBF0C0D0075904C /* InterfaceController.swift */,
				7AB274371DC2FA7F00307DAF /* PhoneMessageRowController.swift */,
				7AB274351DC2F9CF00307DAF /* MessagesDetailController.swift */,
				7ABF767D1DC1AEF300ED99A2 /* WatchSessionDelegate.swift */,
				7AC443091DBF0C0D0075904C /* ExtensionDelegate.swift */,
				7AC4430B1DBF0C0D0075904C /* NotificationController.swift */,
				7AC4430D1DBF0C0D0075904C /* Assets.xcassets */,
				7AC4430F1DBF0C0D0075904C /* Info.plist */,
				7AC443051DBF0C0D0075904C /* Supporting Files */,
			);
			path = "WatchConnectivityDemo WatchKit Extension";
			sourceTree = "<group>";
		};
		7AC443051DBF0C0D0075904C /* Supporting Files */ = {
			isa = PBXGroup;
			children = (
				7AC443061DBF0C0D0075904C /* PushNotificationPayload.apns */,
			);
			name = "Supporting Files";
			sourceTree = "<group>";
		};
/* End PBXGroup section */

/* Begin PBXNativeTarget section */
		7AC442D31DBF0C0B0075904C /* WatchConnectivityDemo */ = {
			isa = PBXNativeTarget;
			buildConfigurationList = 7AC4431A1DBF0C0D0075904C /* Build configuration list for PBXNativeTarget "WatchConnectivityDemo" */;
			buildPhases = (
				7AC442D01DBF0C0B0075904C /* Sources */,
				7AC442D11DBF0C0B0075904C /* Frameworks */,
				7AC442D21DBF0C0B0075904C /* Resources */,
				7AC443191DBF0C0D0075904C /* Embed Watch Content */,
			);
			buildRules = (
			);
			dependencies = (
				7AC442F41DBF0C0C0075904C /* PBXTargetDependency */,
			);
			name = WatchConnectivityDemo;
			productName = WatchConnectivityDemo;
			productReference = 7AC442D41DBF0C0B0075904C /* WatchConnectivityDemo.app */;
			productType = "com.apple.product-type.application";
		};
		7AC442E71DBF0C0C0075904C /* WatchConnectivityDemoTests */ = {
			isa = PBXNativeTarget;
			buildConfigurationList = 7AC4431D1DBF0C0D0075904C /* Build configuration list for PBXNativeTarget "WatchConnectivityDemoTests" */;
			buildPhases = (
				7AC442E41DBF0C0C0075904C /* Sources */,
				7AC442E51DBF0C0C0075904C /* Frameworks */,
				7AC442E61DBF0C0C0075904C /* Resources */,
			);
			buildRules = (
			);
			dependencies = (
				7AC442EA1DBF0C0C0075904C /* PBXTargetDependency */,
			);
			name = WatchConnectivityDemoTests;
			productName = WatchConnectivityDemoTests;
			productReference = 7AC442E81DBF0C0C0075904C /* WatchConnectivityDemoTests.xctest */;
			productType = "com.apple.product-type.bundle.unit-test";
		};
		7AC442F01DBF0C0C0075904C /* WatchConnectivityDemo WatchKit App */ = {
			isa = PBXNativeTarget;
			buildConfigurationList = 7AC443161DBF0C0D0075904C /* Build configuration list for PBXNativeTarget "WatchConnectivityDemo WatchKit App" */;
			buildPhases = (
				7AC442EF1DBF0C0C0075904C /* Resources */,
				7AC443151DBF0C0D0075904C /* Embed App Extensions */,
			);
			buildRules = (
			);
			dependencies = (
				7AC443031DBF0C0D0075904C /* PBXTargetDependency */,
			);
			name = "WatchConnectivityDemo WatchKit App";
			productName = "WatchConnectivityDemo WatchKit App";
			productReference = 7AC442F11DBF0C0C0075904C /* WatchConnectivityDemo WatchKit App.app */;
			productType = "com.apple.product-type.application.watchapp2";
		};
		7AC442FF1DBF0C0D0075904C /* WatchConnectivityDemo WatchKit Extension */ = {
			isa = PBXNativeTarget;
			buildConfigurationList = 7AC443121DBF0C0D0075904C /* Build configuration list for PBXNativeTarget "WatchConnectivityDemo WatchKit Extension" */;
			buildPhases = (
				7AC442FC1DBF0C0D0075904C /* Sources */,
				7AC442FD1DBF0C0D0075904C /* Frameworks */,
				7AC442FE1DBF0C0D0075904C /* Resources */,
			);
			buildRules = (
			);
			dependencies = (
			);
			name = "WatchConnectivityDemo WatchKit Extension";
			productName = "WatchConnectivityDemo WatchKit Extension";
			productReference = 7AC443001DBF0C0D0075904C /* WatchConnectivityDemo WatchKit Extension.appex */;
			productType = "com.apple.product-type.watchkit2-extension";
		};
/* End PBXNativeTarget section */

/* Begin PBXProject section */
		7AC442CC1DBF0C0B0075904C /* Project object */ = {
			isa = PBXProject;
			attributes = {
				LastSwiftUpdateCheck = 0800;
				LastUpgradeCheck = 0800;
				ORGANIZATIONNAME = "Eric Hodgins";
				TargetAttributes = {
					7AC442D31DBF0C0B0075904C = {
						CreatedOnToolsVersion = 8.0;
						DevelopmentTeam = E3QZ6M9437;
						ProvisioningStyle = Automatic;
					};
					7AC442E71DBF0C0C0075904C = {
						CreatedOnToolsVersion = 8.0;
						DevelopmentTeam = E3QZ6M9437;
						ProvisioningStyle = Automatic;
						TestTargetID = 7AC442D31DBF0C0B0075904C;
					};
					7AC442F01DBF0C0C0075904C = {
						CreatedOnToolsVersion = 8.0;
						DevelopmentTeam = E3QZ6M9437;
						ProvisioningStyle = Automatic;
					};
					7AC442FF1DBF0C0D0075904C = {
						CreatedOnToolsVersion = 8.0;
						DevelopmentTeam = E3QZ6M9437;
						ProvisioningStyle = Automatic;
					};
				};
			};
			buildConfigurationList = 7AC442CF1DBF0C0B0075904C /* Build configuration list for PBXProject "WatchConnectivityDemo" */;
			compatibilityVersion = "Xcode 3.2";
			developmentRegion = English;
			hasScannedForEncodings = 0;
			knownRegions = (
				en,
				Base,
			);
			mainGroup = 7AC442CB1DBF0C0B0075904C;
			productRefGroup = 7AC442D51DBF0C0B0075904C /* Products */;
			projectDirPath = "";
			projectRoot = "";
			targets = (
				7AC442D31DBF0C0B0075904C /* WatchConnectivityDemo */,
				7AC442E71DBF0C0C0075904C /* WatchConnectivityDemoTests */,
				7AC442F01DBF0C0C0075904C /* WatchConnectivityDemo WatchKit App */,
				7AC442FF1DBF0C0D0075904C /* WatchConnectivityDemo WatchKit Extension */,
			);
		};
/* End PBXProject section */

/* Begin PBXResourcesBuildPhase section */
		7AC442D21DBF0C0B0075904C /* Resources */ = {
			isa = PBXResourcesBuildPhase;
			buildActionMask = 2147483647;
			files = (
				7AC442E21DBF0C0C0075904C /* LaunchScreen.storyboard in Resources */,
				7AC442DF1DBF0C0C0075904C /* Assets.xcassets in Resources */,
				7AC442DD1DBF0C0C0075904C /* Main.storyboard in Resources */,
			);
			runOnlyForDeploymentPostprocessing = 0;
		};
		7AC442E61DBF0C0C0075904C /* Resources */ = {
			isa = PBXResourcesBuildPhase;
			buildActionMask = 2147483647;
			files = (
			);
			runOnlyForDeploymentPostprocessing = 0;
		};
		7AC442EF1DBF0C0C0075904C /* Resources */ = {
			isa = PBXResourcesBuildPhase;
			buildActionMask = 2147483647;
			files = (
				7AC442FA1DBF0C0C0075904C /* Assets.xcassets in Resources */,
				7AC442F81DBF0C0C0075904C /* Interface.storyboard in Resources */,
			);
			runOnlyForDeploymentPostprocessing = 0;
		};
		7AC442FE1DBF0C0D0075904C /* Resources */ = {
			isa = PBXResourcesBuildPhase;
			buildActionMask = 2147483647;
			files = (
				7AC4430E1DBF0C0D0075904C /* Assets.xcassets in Resources */,
			);
			runOnlyForDeploymentPostprocessing = 0;
		};
/* End PBXResourcesBuildPhase section */

/* Begin PBXSourcesBuildPhase section */
		7AC442D01DBF0C0B0075904C /* Sources */ = {
			isa = PBXSourcesBuildPhase;
			buildActionMask = 2147483647;
			files = (
				7AC442DA1DBF0C0C0075904C /* ViewController.swift in Sources */,
				7ABF767C1DC1A86100ED99A2 /* DeviceSessionDelegate.swift in Sources */,
				7AC442D81DBF0C0C0075904C /* AppDelegate.swift in Sources */,
			);
			runOnlyForDeploymentPostprocessing = 0;
		};
		7AC442E41DBF0C0C0075904C /* Sources */ = {
			isa = PBXSourcesBuildPhase;
			buildActionMask = 2147483647;
			files = (
				7AC442ED1DBF0C0C0075904C /* WatchConnectivityDemoTests.swift in Sources */,
			);
			runOnlyForDeploymentPostprocessing = 0;
		};
		7AC442FC1DBF0C0D0075904C /* Sources */ = {
			isa = PBXSourcesBuildPhase;
			buildActionMask = 2147483647;
			files = (
				7AC4430C1DBF0C0D0075904C /* NotificationController.swift in Sources */,
				7AC4430A1DBF0C0D0075904C /* ExtensionDelegate.swift in Sources */,
				7AC443081DBF0C0D0075904C /* InterfaceController.swift in Sources */,
				7ABF767E1DC1AEF300ED99A2 /* WatchSessionDelegate.swift in Sources */,
				7AB274361DC2F9D000307DAF /* MessagesDetailController.swift in Sources */,
				7AB274381DC2FA7F00307DAF /* PhoneMessageRowController.swift in Sources */,
			);
			runOnlyForDeploymentPostprocessing = 0;
		};
/* End PBXSourcesBuildPhase section */

/* Begin PBXTargetDependency section */
		7AC442EA1DBF0C0C0075904C /* PBXTargetDependency */ = {
			isa = PBXTargetDependency;
			target = 7AC442D31DBF0C0B0075904C /* WatchConnectivityDemo */;
			targetProxy = 7AC442E91DBF0C0C0075904C /* PBXContainerItemProxy */;
		};
		7AC442F41DBF0C0C0075904C /* PBXTargetDependency */ = {
			isa = PBXTargetDependency;
			target = 7AC442F01DBF0C0C0075904C /* WatchConnectivityDemo WatchKit App */;
			targetProxy = 7AC442F31DBF0C0C0075904C /* PBXContainerItemProxy */;
		};
		7AC443031DBF0C0D0075904C /* PBXTargetDependency */ = {
			isa = PBXTargetDependency;
			target = 7AC442FF1DBF0C0D0075904C /* WatchConnectivityDemo WatchKit Extension */;
			targetProxy = 7AC443021DBF0C0D0075904C /* PBXContainerItemProxy */;
		};
/* End PBXTargetDependency section */

/* Begin PBXVariantGroup section */
		7AC442DB1DBF0C0C0075904C /* Main.storyboard */ = {
			isa = PBXVariantGroup;
			children = (
				7AC442DC1DBF0C0C0075904C /* Base */,
			);
			name = Main.storyboard;
			sourceTree = "<group>";
		};
		7AC442E01DBF0C0C0075904C /* LaunchScreen.storyboard */ = {
			isa = PBXVariantGroup;
			children = (
				7AC442E11DBF0C0C0075904C /* Base */,
			);
			name = LaunchScreen.storyboard;
			sourceTree = "<group>";
		};
		7AC442F61DBF0C0C0075904C /* Interface.storyboard */ = {
			isa = PBXVariantGroup;
			children = (
				7AC442F71DBF0C0C0075904C /* Base */,
			);
			name = Interface.storyboard;
			sourceTree = "<group>";
		};
/* End PBXVariantGroup section */

/* Begin XCBuildConfiguration section */
		7AC443101DBF0C0D0075904C /* Debug */ = {
			isa = XCBuildConfiguration;
			buildSettings = {
				ALWAYS_SEARCH_USER_PATHS = NO;
				CLANG_ANALYZER_NONNULL = YES;
				CLANG_CXX_LANGUAGE_STANDARD = "gnu++0x";
				CLANG_CXX_LIBRARY = "libc++";
				CLANG_ENABLE_MODULES = YES;
				CLANG_ENABLE_OBJC_ARC = YES;
				CLANG_WARN_BOOL_CONVERSION = YES;
				CLANG_WARN_CONSTANT_CONVERSION = YES;
				CLANG_WARN_DIRECT_OBJC_ISA_USAGE = YES_ERROR;
				CLANG_WARN_DOCUMENTATION_COMMENTS = YES;
				CLANG_WARN_EMPTY_BODY = YES;
				CLANG_WARN_ENUM_CONVERSION = YES;
				CLANG_WARN_INFINITE_RECURSION = YES;
				CLANG_WARN_INT_CONVERSION = YES;
				CLANG_WARN_OBJC_ROOT_CLASS = YES_ERROR;
				CLANG_WARN_SUSPICIOUS_MOVES = YES;
				CLANG_WARN_UNREACHABLE_CODE = YES;
				CLANG_WARN__DUPLICATE_METHOD_MATCH = YES;
				"CODE_SIGN_IDENTITY[sdk=iphoneos*]" = "iPhone Developer";
				COPY_PHASE_STRIP = NO;
				DEBUG_INFORMATION_FORMAT = dwarf;
				ENABLE_STRICT_OBJC_MSGSEND = YES;
				ENABLE_TESTABILITY = YES;
				GCC_C_LANGUAGE_STANDARD = gnu99;
				GCC_DYNAMIC_NO_PIC = NO;
				GCC_NO_COMMON_BLOCKS = YES;
				GCC_OPTIMIZATION_LEVEL = 0;
				GCC_PREPROCESSOR_DEFINITIONS = (
					"DEBUG=1",
					"$(inherited)",
				);
				GCC_WARN_64_TO_32_BIT_CONVERSION = YES;
				GCC_WARN_ABOUT_RETURN_TYPE = YES_ERROR;
				GCC_WARN_UNDECLARED_SELECTOR = YES;
				GCC_WARN_UNINITIALIZED_AUTOS = YES_AGGRESSIVE;
				GCC_WARN_UNUSED_FUNCTION = YES;
				GCC_WARN_UNUSED_VARIABLE = YES;
				IPHONEOS_DEPLOYMENT_TARGET = 10.0;
				MTL_ENABLE_DEBUG_INFO = YES;
				ONLY_ACTIVE_ARCH = YES;
				SDKROOT = iphoneos;
				SWIFT_ACTIVE_COMPILATION_CONDITIONS = DEBUG;
				SWIFT_OPTIMIZATION_LEVEL = "-Onone";
			};
			name = Debug;
		};
		7AC443111DBF0C0D0075904C /* Release */ = {
			isa = XCBuildConfiguration;
			buildSettings = {
				ALWAYS_SEARCH_USER_PATHS = NO;
				CLANG_ANALYZER_NONNULL = YES;
				CLANG_CXX_LANGUAGE_STANDARD = "gnu++0x";
				CLANG_CXX_LIBRARY = "libc++";
				CLANG_ENABLE_MODULES = YES;
				CLANG_ENABLE_OBJC_ARC = YES;
				CLANG_WARN_BOOL_CONVERSION = YES;
				CLANG_WARN_CONSTANT_CONVERSION = YES;
				CLANG_WARN_DIRECT_OBJC_ISA_USAGE = YES_ERROR;
				CLANG_WARN_DOCUMENTATION_COMMENTS = YES;
				CLANG_WARN_EMPTY_BODY = YES;
				CLANG_WARN_ENUM_CONVERSION = YES;
				CLANG_WARN_INFINITE_RECURSION = YES;
				CLANG_WARN_INT_CONVERSION = YES;
				CLANG_WARN_OBJC_ROOT_CLASS = YES_ERROR;
				CLANG_WARN_SUSPICIOUS_MOVES = YES;
				CLANG_WARN_UNREACHABLE_CODE = YES;
				CLANG_WARN__DUPLICATE_METHOD_MATCH = YES;
				"CODE_SIGN_IDENTITY[sdk=iphoneos*]" = "iPhone Developer";
				COPY_PHASE_STRIP = NO;
				DEBUG_INFORMATION_FORMAT = "dwarf-with-dsym";
				ENABLE_NS_ASSERTIONS = NO;
				ENABLE_STRICT_OBJC_MSGSEND = YES;
				GCC_C_LANGUAGE_STANDARD = gnu99;
				GCC_NO_COMMON_BLOCKS = YES;
				GCC_WARN_64_TO_32_BIT_CONVERSION = YES;
				GCC_WARN_ABOUT_RETURN_TYPE = YES_ERROR;
				GCC_WARN_UNDECLARED_SELECTOR = YES;
				GCC_WARN_UNINITIALIZED_AUTOS = YES_AGGRESSIVE;
				GCC_WARN_UNUSED_FUNCTION = YES;
				GCC_WARN_UNUSED_VARIABLE = YES;
				IPHONEOS_DEPLOYMENT_TARGET = 10.0;
				MTL_ENABLE_DEBUG_INFO = NO;
				SDKROOT = iphoneos;
				SWIFT_OPTIMIZATION_LEVEL = "-Owholemodule";
				VALIDATE_PRODUCT = YES;
			};
			name = Release;
		};
		7AC443131DBF0C0D0075904C /* Debug */ = {
			isa = XCBuildConfiguration;
			buildSettings = {
				ASSETCATALOG_COMPILER_COMPLICATION_NAME = Complication;
				DEVELOPMENT_TEAM = E3QZ6M9437;
				INFOPLIST_FILE = "WatchConnectivityDemo WatchKit Extension/Info.plist";
				LD_RUNPATH_SEARCH_PATHS = "$(inherited) @executable_path/Frameworks @executable_path/../../Frameworks";
				PRODUCT_BUNDLE_IDENTIFIER = com.hodginsEric.WatchConnectivityDemo.watchkitapp.watchkitextension;
				PRODUCT_NAME = "${TARGET_NAME}";
				SDKROOT = watchos;
				SKIP_INSTALL = YES;
				SWIFT_VERSION = 3.0;
				TARGETED_DEVICE_FAMILY = 4;
				WATCHOS_DEPLOYMENT_TARGET = 3.0;
			};
			name = Debug;
		};
		7AC443141DBF0C0D0075904C /* Release */ = {
			isa = XCBuildConfiguration;
			buildSettings = {
				ASSETCATALOG_COMPILER_COMPLICATION_NAME = Complication;
				DEVELOPMENT_TEAM = E3QZ6M9437;
				INFOPLIST_FILE = "WatchConnectivityDemo WatchKit Extension/Info.plist";
				LD_RUNPATH_SEARCH_PATHS = "$(inherited) @executable_path/Frameworks @executable_path/../../Frameworks";
				PRODUCT_BUNDLE_IDENTIFIER = com.hodginsEric.WatchConnectivityDemo.watchkitapp.watchkitextension;
				PRODUCT_NAME = "${TARGET_NAME}";
				SDKROOT = watchos;
				SKIP_INSTALL = YES;
				SWIFT_VERSION = 3.0;
				TARGETED_DEVICE_FAMILY = 4;
				WATCHOS_DEPLOYMENT_TARGET = 3.0;
			};
			name = Release;
		};
		7AC443171DBF0C0D0075904C /* Debug */ = {
			isa = XCBuildConfiguration;
			buildSettings = {
				ALWAYS_EMBED_SWIFT_STANDARD_LIBRARIES = YES;
				ASSETCATALOG_COMPILER_APPICON_NAME = AppIcon;
				DEVELOPMENT_TEAM = E3QZ6M9437;
				IBSC_MODULE = WatchConnectivityDemo_WatchKit_Extension;
				INFOPLIST_FILE = "WatchConnectivityDemo WatchKit App/Info.plist";
				PRODUCT_BUNDLE_IDENTIFIER = com.hodginsEric.WatchConnectivityDemo.watchkitapp;
				PRODUCT_NAME = "$(TARGET_NAME)";
				SDKROOT = watchos;
				SKIP_INSTALL = YES;
				SWIFT_VERSION = 3.0;
				TARGETED_DEVICE_FAMILY = 4;
				WATCHOS_DEPLOYMENT_TARGET = 3.0;
			};
			name = Debug;
		};
		7AC443181DBF0C0D0075904C /* Release */ = {
			isa = XCBuildConfiguration;
			buildSettings = {
				ALWAYS_EMBED_SWIFT_STANDARD_LIBRARIES = YES;
				ASSETCATALOG_COMPILER_APPICON_NAME = AppIcon;
				DEVELOPMENT_TEAM = E3QZ6M9437;
				IBSC_MODULE = WatchConnectivityDemo_WatchKit_Extension;
				INFOPLIST_FILE = "WatchConnectivityDemo WatchKit App/Info.plist";
				PRODUCT_BUNDLE_IDENTIFIER = com.hodginsEric.WatchConnectivityDemo.watchkitapp;
				PRODUCT_NAME = "$(TARGET_NAME)";
				SDKROOT = watchos;
				SKIP_INSTALL = YES;
				SWIFT_VERSION = 3.0;
				TARGETED_DEVICE_FAMILY = 4;
				WATCHOS_DEPLOYMENT_TARGET = 3.0;
			};
			name = Release;
		};
		7AC4431B1DBF0C0D0075904C /* Debug */ = {
			isa = XCBuildConfiguration;
			buildSettings = {
				ASSETCATALOG_COMPILER_APPICON_NAME = AppIcon;
				DEVELOPMENT_TEAM = E3QZ6M9437;
				INFOPLIST_FILE = WatchConnectivityDemo/Info.plist;
				LD_RUNPATH_SEARCH_PATHS = "$(inherited) @executable_path/Frameworks";
				PRODUCT_BUNDLE_IDENTIFIER = com.hodginsEric.WatchConnectivityDemo;
				PRODUCT_NAME = "$(TARGET_NAME)";
				SWIFT_VERSION = 3.0;
			};
			name = Debug;
		};
		7AC4431C1DBF0C0D0075904C /* Release */ = {
			isa = XCBuildConfiguration;
			buildSettings = {
				ASSETCATALOG_COMPILER_APPICON_NAME = AppIcon;
				DEVELOPMENT_TEAM = E3QZ6M9437;
				INFOPLIST_FILE = WatchConnectivityDemo/Info.plist;
				LD_RUNPATH_SEARCH_PATHS = "$(inherited) @executable_path/Frameworks";
				PRODUCT_BUNDLE_IDENTIFIER = com.hodginsEric.WatchConnectivityDemo;
				PRODUCT_NAME = "$(TARGET_NAME)";
				SWIFT_VERSION = 3.0;
			};
			name = Release;
		};
		7AC4431E1DBF0C0D0075904C /* Debug */ = {
			isa = XCBuildConfiguration;
			buildSettings = {
				ALWAYS_EMBED_SWIFT_STANDARD_LIBRARIES = YES;
				BUNDLE_LOADER = "$(TEST_HOST)";
				DEVELOPMENT_TEAM = E3QZ6M9437;
				INFOPLIST_FILE = WatchConnectivityDemoTests/Info.plist;
				LD_RUNPATH_SEARCH_PATHS = "$(inherited) @executable_path/Frameworks @loader_path/Frameworks";
				PRODUCT_BUNDLE_IDENTIFIER = com.hodginsEric.WatchConnectivityDemoTests;
				PRODUCT_NAME = "$(TARGET_NAME)";
				SWIFT_VERSION = 3.0;
				TEST_HOST = "$(BUILT_PRODUCTS_DIR)/WatchConnectivityDemo.app/WatchConnectivityDemo";
			};
			name = Debug;
		};
		7AC4431F1DBF0C0D0075904C /* Release */ = {
			isa = XCBuildConfiguration;
			buildSettings = {
				ALWAYS_EMBED_SWIFT_STANDARD_LIBRARIES = YES;
				BUNDLE_LOADER = "$(TEST_HOST)";
				DEVELOPMENT_TEAM = E3QZ6M9437;
				INFOPLIST_FILE = WatchConnectivityDemoTests/Info.plist;
				LD_RUNPATH_SEARCH_PATHS = "$(inherited) @executable_path/Frameworks @loader_path/Frameworks";
				PRODUCT_BUNDLE_IDENTIFIER = com.hodginsEric.WatchConnectivityDemoTests;
				PRODUCT_NAME = "$(TARGET_NAME)";
				SWIFT_VERSION = 3.0;
				TEST_HOST = "$(BUILT_PRODUCTS_DIR)/WatchConnectivityDemo.app/WatchConnectivityDemo";
			};
			name = Release;
		};
/* End XCBuildConfiguration section */

/* Begin XCConfigurationList section */
		7AC442CF1DBF0C0B0075904C /* Build configuration list for PBXProject "WatchConnectivityDemo" */ = {
			isa = XCConfigurationList;
			buildConfigurations = (
				7AC443101DBF0C0D0075904C /* Debug */,
				7AC443111DBF0C0D0075904C /* Release */,
			);
			defaultConfigurationIsVisible = 0;
			defaultConfigurationName = Release;
		};
		7AC443121DBF0C0D0075904C /* Build configuration list for PBXNativeTarget "WatchConnectivityDemo WatchKit Extension" */ = {
			isa = XCConfigurationList;
			buildConfigurations = (
				7AC443131DBF0C0D0075904C /* Debug */,
				7AC443141DBF0C0D0075904C /* Release */,
			);
			defaultConfigurationIsVisible = 0;
			defaultConfigurationName = Release;
		};
		7AC443161DBF0C0D0075904C /* Build configuration list for PBXNativeTarget "WatchConnectivityDemo WatchKit App" */ = {
			isa = XCConfigurationList;
			buildConfigurations = (
				7AC443171DBF0C0D0075904C /* Debug */,
				7AC443181DBF0C0D0075904C /* Release */,
			);
			defaultConfigurationIsVisible = 0;
			defaultConfigurationName = Release;
		};
		7AC4431A1DBF0C0D0075904C /* Build configuration list for PBXNativeTarget "WatchConnectivityDemo" */ = {
			isa = XCConfigurationList;
			buildConfigurations = (
				7AC4431B1DBF0C0D0075904C /* Debug */,
				7AC4431C1DBF0C0D0075904C /* Release */,
			);
			defaultConfigurationIsVisible = 0;
			defaultConfigurationName = Release;
		};
		7AC4431D1DBF0C0D0075904C /* Build configuration list for PBXNativeTarget "WatchConnectivityDemoTests" */ = {
			isa = XCConfigurationList;
			buildConfigurations = (
				7AC4431E1DBF0C0D0075904C /* Debug */,
				7AC4431F1DBF0C0D0075904C /* Release */,
			);
			defaultConfigurationIsVisible = 0;
			defaultConfigurationName = Release;
		};
/* End XCConfigurationList section */
	};
	rootObject = 7AC442CC1DBF0C0B0075904C /* Project object */;
}
